
Microsoft Visual Studio Solution File, Format Version 12.00
# Visual Studio Version 17
VisualStudioVersion = 17.5.33530.505
MinimumVisualStudioVersion = 10.0.40219.1
Project("{FAE04EC0-301F-11D3-BF4B-00C04F79EFBC}") = "Domain", "..\ClassLibrary4\Domain.csproj", "{CE33CA7C-B3BF-4AFA-97C7-2B9064AC0F35}"
EndProject
Project("{FAE04EC0-301F-11D3-BF4B-00C04F79EFBC}") = "Data", "..\ClassLibrary5\Data.csproj", "{185AE687-C48A-4FF8-A5C5-6A0DC11D6BE7}"
EndProject
Project("{FAE04EC0-301F-11D3-BF4B-00C04F79EFBC}") = "Business", "..\ClassLibrary6\Business.csproj", "{CA9024BF-38B0-45C8-A3EA-31C98AC0833E}"
EndProject
Project("{FAE04EC0-301F-11D3-BF4B-00C04F79EFBC}") = "WebAPI", "WebApplication1\WebAPI.csproj", "{58CF8C91-C204-4BB3-B293-F9DD6E2567AB}"
EndProject
Global
	GlobalSection(SolutionConfigurationPlatforms) = preSolution
		Debug|Any CPU = Debug|Any CPU
		Release|Any CPU = Release|Any CPU
	EndGlobalSection
	GlobalSection(ProjectConfigurationPlatforms) = postSolution
		{CE33CA7C-B3BF-4AFA-97C7-2B9064AC0F35}.Debug|Any CPU.ActiveCfg = Debug|Any CPU
		{CE33CA7C-B3BF-4AFA-97C7-2B9064AC0F35}.Debug|Any CPU.Build.0 = Debug|Any CPU
		{CE33CA7C-B3BF-4AFA-97C7-2B9064AC0F35}.Release|Any CPU.ActiveCfg = Release|Any CPU
		{CE33CA7C-B3BF-4AFA-97C7-2B9064AC0F35}.Release|Any CPU.Build.0 = Release|Any CPU
		{185AE687-C48A-4FF8-A5C5-6A0DC11D6BE7}.Debug|Any CPU.ActiveCfg = Debug|Any CPU
		{185AE687-C48A-4FF8-A5C5-6A0DC11D6BE7}.Debug|Any CPU.Build.0 = Debug|Any CPU
		{185AE687-C48A-4FF8-A5C5-6A0DC11D6BE7}.Release|Any CPU.ActiveCfg = Release|Any CPU
		{185AE687-C48A-4FF8-A5C5-6A0DC11D6BE7}.Release|Any CPU.Build.0 = Release|Any CPU
		{CA9024BF-38B0-45C8-A3EA-31C98AC0833E}.Debug|Any CPU.ActiveCfg = Debug|Any CPU
		{CA9024BF-38B0-45C8-A3EA-31C98AC0833E}.Debug|Any CPU.Build.0 = Debug|Any CPU
		{CA9024BF-38B0-45C8-A3EA-31C98AC0833E}.Release|Any CPU.ActiveCfg = Release|Any CPU
		{CA9024BF-38B0-45C8-A3EA-31C98AC0833E}.Release|Any CPU.Build.0 = Release|Any CPU
		{58CF8C91-C204-4BB3-B293-F9DD6E2567AB}.Debug|Any CPU.ActiveCfg = Debug|Any CPU
		{58CF8C91-C204-4BB3-B293-F9DD6E2567AB}.Debug|Any CPU.Build.0 = Debug|Any CPU
		{58CF8C91-C204-4BB3-B293-F9DD6E2567AB}.Release|Any CPU.ActiveCfg = Release|Any CPU
		{58CF8C91-C204-4BB3-B293-F9DD6E2567AB}.Release|Any CPU.Build.0 = Release|Any CPU
	EndGlobalSection
	GlobalSection(SolutionProperties) = preSolution
		HideSolutionNode = FALSE
	EndGlobalSection
	GlobalSection(ExtensibilityGlobals) = postSolution
		SolutionGuid = {BA6FCD45-6D6F-4293-9593-FC915EE59706}
	EndGlobalSection
EndGlobal
